
Microsoft Visual Studio Solution File, Format Version 12.00
# Visual Studio Version 16
VisualStudioVersion = 16.0.29102.190
MinimumVisualStudioVersion = 10.0.40219.1
Project("{9A19103F-16F7-4668-BE54-9A1E7A4F7556}") = "DinosaurusPark", "src\DinosaurusPark\DinosaurusPark.csproj", "{38BA8F78-998E-485D-95FE-476DC8406A7F}"
EndProject
Project("{2150E333-8FDC-42A3-9474-1A3956D46DE8}") = "tests", "tests", "{C7AB1025-BCE4-4805-A1A6-B578CFD4BB02}"
EndProject
Project("{9A19103F-16F7-4668-BE54-9A1E7A4F7556}") = "DinosaurusPark.IntegrationTests", "tests\DinosaurusPark.IntegrationTests\DinosaurusPark.IntegrationTests.csproj", "{6E171579-EF6E-45E2-B47A-DACB42FB243B}"
EndProject
Project("{E53339B2-1760-4266-BCC7-CA923CBCF16C}") = "docker-compose", "docker-compose.dcproj", "{48B68EA8-B74B-414E-926B-AB14EDFF35FB}"
EndProject
Project("{9A19103F-16F7-4668-BE54-9A1E7A4F7556}") = "DinosaurusPark.Contracts", "src\DinosaurusPark.Contracts\DinosaurusPark.Contracts.csproj", "{96B718BF-7A64-4A2E-A024-739339CDB24F}"
EndProject
Project("{9A19103F-16F7-4668-BE54-9A1E7A4F7556}") = "DinosaurusPark.DataAccess", "src\DinosaurusPark.DataAccess\DinosaurusPark.DataAccess.csproj", "{0F6CBE2E-FE3F-41C4-BD45-9A36883EAA7F}"
EndProject
Project("{FAE04EC0-301F-11D3-BF4B-00C04F79EFBC}") = "DinosaurusPark.Generation", "src\DinosaurusPark.Generation\DinosaurusPark.Generation.csproj", "{BFA27D6F-B623-4DC1-88A8-46262DCF4D8B}"
EndProject
Global
	GlobalSection(SolutionConfigurationPlatforms) = preSolution
		Debug|Any CPU = Debug|Any CPU
		Release|Any CPU = Release|Any CPU
	EndGlobalSection
	GlobalSection(ProjectConfigurationPlatforms) = postSolution
		{38BA8F78-998E-485D-95FE-476DC8406A7F}.Debug|Any CPU.ActiveCfg = Debug|Any CPU
		{38BA8F78-998E-485D-95FE-476DC8406A7F}.Debug|Any CPU.Build.0 = Debug|Any CPU
		{38BA8F78-998E-485D-95FE-476DC8406A7F}.Release|Any CPU.ActiveCfg = Release|Any CPU
		{38BA8F78-998E-485D-95FE-476DC8406A7F}.Release|Any CPU.Build.0 = Release|Any CPU
		{6E171579-EF6E-45E2-B47A-DACB42FB243B}.Debug|Any CPU.ActiveCfg = Debug|Any CPU
		{6E171579-EF6E-45E2-B47A-DACB42FB243B}.Debug|Any CPU.Build.0 = Debug|Any CPU
		{6E171579-EF6E-45E2-B47A-DACB42FB243B}.Release|Any CPU.ActiveCfg = Release|Any CPU
		{6E171579-EF6E-45E2-B47A-DACB42FB243B}.Release|Any CPU.Build.0 = Release|Any CPU
		{48B68EA8-B74B-414E-926B-AB14EDFF35FB}.Debug|Any CPU.ActiveCfg = Debug|Any CPU
		{48B68EA8-B74B-414E-926B-AB14EDFF35FB}.Debug|Any CPU.Build.0 = Debug|Any CPU
		{48B68EA8-B74B-414E-926B-AB14EDFF35FB}.Release|Any CPU.ActiveCfg = Release|Any CPU
		{48B68EA8-B74B-414E-926B-AB14EDFF35FB}.Release|Any CPU.Build.0 = Release|Any CPU
		{96B718BF-7A64-4A2E-A024-739339CDB24F}.Debug|Any CPU.ActiveCfg = Debug|Any CPU
		{96B718BF-7A64-4A2E-A024-739339CDB24F}.Debug|Any CPU.Build.0 = Debug|Any CPU
		{96B718BF-7A64-4A2E-A024-739339CDB24F}.Release|Any CPU.ActiveCfg = Release|Any CPU
		{96B718BF-7A64-4A2E-A024-739339CDB24F}.Release|Any CPU.Build.0 = Release|Any CPU
		{0F6CBE2E-FE3F-41C4-BD45-9A36883EAA7F}.Debug|Any CPU.ActiveCfg = Debug|Any CPU
		{0F6CBE2E-FE3F-41C4-BD45-9A36883EAA7F}.Debug|Any CPU.Build.0 = Debug|Any CPU
		{0F6CBE2E-FE3F-41C4-BD45-9A36883EAA7F}.Release|Any CPU.ActiveCfg = Release|Any CPU
		{0F6CBE2E-FE3F-41C4-BD45-9A36883EAA7F}.Release|Any CPU.Build.0 = Release|Any CPU
		{BFA27D6F-B623-4DC1-88A8-46262DCF4D8B}.Debug|Any CPU.ActiveCfg = Debug|Any CPU
		{BFA27D6F-B623-4DC1-88A8-46262DCF4D8B}.Debug|Any CPU.Build.0 = Debug|Any CPU
		{BFA27D6F-B623-4DC1-88A8-46262DCF4D8B}.Release|Any CPU.ActiveCfg = Release|Any CPU
		{BFA27D6F-B623-4DC1-88A8-46262DCF4D8B}.Release|Any CPU.Build.0 = Release|Any CPU
	EndGlobalSection
	GlobalSection(SolutionProperties) = preSolution
		HideSolutionNode = FALSE
	EndGlobalSection
	GlobalSection(NestedProjects) = preSolution
		{6E171579-EF6E-45E2-B47A-DACB42FB243B} = {C7AB1025-BCE4-4805-A1A6-B578CFD4BB02}
	EndGlobalSection
	GlobalSection(ExtensibilityGlobals) = postSolution
		SolutionGuid = {40F6C05C-2F09-44AC-A5D7-4A958DE0AB09}
	EndGlobalSection
EndGlobal
